
Microsoft Visual Studio Solution File, Format Version 11.00
# Visual Studio 2010
Project("{8BC9CEB8-8B4A-11D0-8D11-00A0C91BC942}") = "Base", "Base.vcxproj", "{0B66EC65-DBCC-4A01-924C-A7C1CAF9669A}"
EndProject
Global
	GlobalSection(SolutionConfigurationPlatforms) = preSolution
		Debug|Win32 = Debug|Win32
		Release|Win32 = Release|Win32
	EndGlobalSection
	GlobalSection(ProjectConfigurationPlatforms) = postSolution
		{0B66EC65-DBCC-4A01-924C-A7C1CAF9669A}.Debug|Win32.ActiveCfg = Debug|Win32
		{0B66EC65-DBCC-4A01-924C-A7C1CAF9669A}.Debug|Win32.Build.0 = Debug|Win32
		{0B66EC65-DBCC-4A01-924C-A7C1CAF9669A}.Release|Win32.ActiveCfg = Release|Win32
		{0B66EC65-DBCC-4A01-924C-A7C1CAF9669A}.Release|Win32.Build.0 = Release|Win32
	EndGlobalSection
	GlobalSection(SolutionProperties) = preSolution
		HideSolutionNode = FALSE
	EndGlobalSection
EndGlobal
